
Microsoft Visual Studio Solution File, Format Version 12.00
# Visual Studio 15
VisualStudioVersion = 15.0.27428.2037
MinimumVisualStudioVersion = 10.0.40219.1
Project("{FAE04EC0-301F-11D3-BF4B-00C04F79EFBC}") = "Reserveer", "Reserveer\Reserveer.csproj", "{8E0BD9CC-5462-4CFD-BCE3-B5FF2CDCFFC3}"
EndProject
Global
	GlobalSection(SolutionConfigurationPlatforms) = preSolution
		Debug|Any CPU = Debug|Any CPU
		Release|Any CPU = Release|Any CPU
	EndGlobalSection
	GlobalSection(ProjectConfigurationPlatforms) = postSolution
		{8E0BD9CC-5462-4CFD-BCE3-B5FF2CDCFFC3}.Debug|Any CPU.ActiveCfg = Debug|Any CPU
		{8E0BD9CC-5462-4CFD-BCE3-B5FF2CDCFFC3}.Debug|Any CPU.Build.0 = Debug|Any CPU
		{8E0BD9CC-5462-4CFD-BCE3-B5FF2CDCFFC3}.Release|Any CPU.ActiveCfg = Release|Any CPU
		{8E0BD9CC-5462-4CFD-BCE3-B5FF2CDCFFC3}.Release|Any CPU.Build.0 = Release|Any CPU
	EndGlobalSection
	GlobalSection(SolutionProperties) = preSolution
		HideSolutionNode = FALSE
	EndGlobalSection
	GlobalSection(ExtensibilityGlobals) = postSolution
		SolutionGuid = {68D8A22F-D9D5-4D65-B517-F01A6D425AC6}
	EndGlobalSection
EndGlobal
